
Microsoft Visual Studio Solution File, Format Version 12.00
# Visual Studio Version 16
VisualStudioVersion = 16.0.31515.178
MinimumVisualStudioVersion = 10.0.40219.1
Project("{9A19103F-16F7-4668-BE54-9A1E7A4F7556}") = "BotFramework", "BotFramework\BotFramework.csproj", "{D8C3EE0F-4FEE-435E-A8DB-0A3FA6C2C00F}"
EndProject
Project("{9A19103F-16F7-4668-BE54-9A1E7A4F7556}") = "BotFramework.Tests", "BotFramework.Tests\BotFramework.Tests.csproj", "{3D383E68-3D0A-4986-B618-013D29B271EE}"
EndProject
Project("{FAE04EC0-301F-11D3-BF4B-00C04F79EFBC}") = "BotFramework.Previewer", "BotFramework.Previewer\BotFramework.Previewer.csproj", "{ECDDD7E2-9FC1-442B-9220-00C9DE178A37}"
EndProject
Project("{FAE04EC0-301F-11D3-BF4B-00C04F79EFBC}") = "BotFramework.MetadataAnalyzer", "BotFramework.MetadataAnalyzer\BotFramework.MetadataAnalyzer.csproj", "{4304C76F-6857-4986-BDE2-A1FB848F256B}"
EndProject
Project("{FAE04EC0-301F-11D3-BF4B-00C04F79EFBC}") = "BotFramework.MetadataAnalyzer.Tests", "BotFramework.MetadataAnalyzer.Tests\BotFramework.MetadataAnalyzer.Tests.csproj", "{EFE6A6DA-6555-45E8-AC34-495A5491C45D}"
EndProject
Global
	GlobalSection(SolutionConfigurationPlatforms) = preSolution
		Debug|Any CPU = Debug|Any CPU
		Release|Any CPU = Release|Any CPU
	EndGlobalSection
	GlobalSection(ProjectConfigurationPlatforms) = postSolution
		{D8C3EE0F-4FEE-435E-A8DB-0A3FA6C2C00F}.Debug|Any CPU.ActiveCfg = Debug|Any CPU
		{D8C3EE0F-4FEE-435E-A8DB-0A3FA6C2C00F}.Debug|Any CPU.Build.0 = Debug|Any CPU
		{D8C3EE0F-4FEE-435E-A8DB-0A3FA6C2C00F}.Release|Any CPU.ActiveCfg = Release|Any CPU
		{D8C3EE0F-4FEE-435E-A8DB-0A3FA6C2C00F}.Release|Any CPU.Build.0 = Release|Any CPU
		{3D383E68-3D0A-4986-B618-013D29B271EE}.Debug|Any CPU.ActiveCfg = Debug|Any CPU
		{3D383E68-3D0A-4986-B618-013D29B271EE}.Debug|Any CPU.Build.0 = Debug|Any CPU
		{3D383E68-3D0A-4986-B618-013D29B271EE}.Release|Any CPU.ActiveCfg = Release|Any CPU
		{3D383E68-3D0A-4986-B618-013D29B271EE}.Release|Any CPU.Build.0 = Release|Any CPU
		{ECDDD7E2-9FC1-442B-9220-00C9DE178A37}.Debug|Any CPU.ActiveCfg = Debug|Any CPU
		{ECDDD7E2-9FC1-442B-9220-00C9DE178A37}.Debug|Any CPU.Build.0 = Debug|Any CPU
		{ECDDD7E2-9FC1-442B-9220-00C9DE178A37}.Release|Any CPU.ActiveCfg = Release|Any CPU
		{ECDDD7E2-9FC1-442B-9220-00C9DE178A37}.Release|Any CPU.Build.0 = Release|Any CPU
		{4304C76F-6857-4986-BDE2-A1FB848F256B}.Debug|Any CPU.ActiveCfg = Debug|Any CPU
		{4304C76F-6857-4986-BDE2-A1FB848F256B}.Debug|Any CPU.Build.0 = Debug|Any CPU
		{4304C76F-6857-4986-BDE2-A1FB848F256B}.Release|Any CPU.ActiveCfg = Release|Any CPU
		{4304C76F-6857-4986-BDE2-A1FB848F256B}.Release|Any CPU.Build.0 = Release|Any CPU
		{EFE6A6DA-6555-45E8-AC34-495A5491C45D}.Debug|Any CPU.ActiveCfg = Debug|Any CPU
		{EFE6A6DA-6555-45E8-AC34-495A5491C45D}.Debug|Any CPU.Build.0 = Debug|Any CPU
		{EFE6A6DA-6555-45E8-AC34-495A5491C45D}.Release|Any CPU.ActiveCfg = Release|Any CPU
		{EFE6A6DA-6555-45E8-AC34-495A5491C45D}.Release|Any CPU.Build.0 = Release|Any CPU
	EndGlobalSection
	GlobalSection(SolutionProperties) = preSolution
		HideSolutionNode = FALSE
	EndGlobalSection
	GlobalSection(ExtensibilityGlobals) = postSolution
		SolutionGuid = {207AA515-9953-4EAC-8473-C8A921572A58}
	EndGlobalSection
	GlobalSection(NestedProjects) = preSolution
	EndGlobalSection
EndGlobal
